
Microsoft Visual Studio Solution File, Format Version 12.00
# Visual Studio Version 16
VisualStudioVersion = 16.0.36128.20
MinimumVisualStudioVersion = 10.0.40219.1
Project("{FAE04EC0-301F-11D3-BF4B-00C04F79EFBC}") = "CodeChallenge1", "CodeChallenge1\CodeChallenge1.csproj", "{8DE63FE6-AE1E-44CD-9506-0CBBF0B19336}"
EndProject
Global
	GlobalSection(SolutionConfigurationPlatforms) = preSolution
		Debug|Any CPU = Debug|Any CPU
		Release|Any CPU = Release|Any CPU
	EndGlobalSection
	GlobalSection(ProjectConfigurationPlatforms) = postSolution
		{8DE63FE6-AE1E-44CD-9506-0CBBF0B19336}.Debug|Any CPU.ActiveCfg = Debug|Any CPU
		{8DE63FE6-AE1E-44CD-9506-0CBBF0B19336}.Debug|Any CPU.Build.0 = Debug|Any CPU
		{8DE63FE6-AE1E-44CD-9506-0CBBF0B19336}.Release|Any CPU.ActiveCfg = Release|Any CPU
		{8DE63FE6-AE1E-44CD-9506-0CBBF0B19336}.Release|Any CPU.Build.0 = Release|Any CPU
	EndGlobalSection
	GlobalSection(SolutionProperties) = preSolution
		HideSolutionNode = FALSE
	EndGlobalSection
	GlobalSection(ExtensibilityGlobals) = postSolution
		SolutionGuid = {DC6FB608-7380-4727-B739-14A2E72D0F2F}
	EndGlobalSection
EndGlobal
